<?xml version="1.0" encoding="utf-8"?>
<Project ToolsVersion="4.0" xmlns="http://schemas.microsoft.com/developer/msbuild/2003">
  <ItemGroup>
    <ClCompile Include="main.cpp" />
    <ClCompile Include="Core\Init\Init_GLEW.cpp">
      <Filter>Core\Init</Filter>
    </ClCompile>
    <ClCompile Include="Core\Init\Init_GLUT.cpp">
      <Filter>Core\Init</Filter>
    </ClCompile>
    <ClCompile Include="Managers\InputManager.cpp">
      <Filter>Managers</Filter>
    </ClCompile>
    <ClCompile Include="Managers\Models_Manager.cpp">
      <Filter>Managers</Filter>
    </ClCompile>
    <ClCompile Include="Managers\Scene_Manager.cpp">
      <Filter>Managers</Filter>
    </ClCompile>
    <ClCompile Include="Managers\Shader_Manager.cpp">
      <Filter>Managers</Filter>
    </ClCompile>
    <ClCompile Include="Managers\TimeManager.cpp">
      <Filter>Managers</Filter>
    </ClCompile>
    <ClCompile Include="Physics\Ball.cpp">
      <Filter>Physics</Filter>
    </ClCompile>
    <ClCompile Include="Rendering\Models\Circle.cpp">
      <Filter>Rendering\Models</Filter>
    </ClCompile>
    <ClCompile Include="Rendering\Models\Models.cpp">
      <Filter>Rendering\Models</Filter>
    </ClCompile>
    <ClCompile Include="Rendering\Models\Sphere.cpp">
      <Filter>Rendering\Models</Filter>
    </ClCompile>
    <ClCompile Include="Rendering\tdogl\Bitmap.cpp">
      <Filter>Rendering\tdogl</Filter>
    </ClCompile>
    <ClCompile Include="Rendering\tdogl\Texture.cpp">
      <Filter>Rendering\tdogl</Filter>
    </ClCompile>
    <ClCompile Include="Rendering\Camera.cpp">
      <Filter>Rendering</Filter>
    </ClCompile>
  </ItemGroup>
  <ItemGroup>
    <ClInclude Include="OpenGLIncludes.h" />
    <ClInclude Include="Core\Init\FrameBufferInfo.h">
      <Filter>Core\Init</Filter>
    </ClInclude>
    <ClInclude Include="Core\Init\IListener.h">
      <Filter>Core\Init</Filter>
    </ClInclude>
    <ClInclude Include="Core\Init\Init_GLEW.h">
      <Filter>Core\Init</Filter>
    </ClInclude>
    <ClInclude Include="Core\Init\Init_GLUT.h">
      <Filter>Core\Init</Filter>
    </ClInclude>
    <ClInclude Include="Core\Init\ContextInfo.h">
      <Filter>Core\Init</Filter>
    </ClInclude>
    <ClInclude Include="Core\Init\WindowInfo.h">
      <Filter>Core\Init</Filter>
    </ClInclude>
    <ClInclude Include="Managers\InputManager.h">
      <Filter>Managers</Filter>
    </ClInclude>
    <ClInclude Include="Managers\Models_Manager.h">
      <Filter>Managers</Filter>
    </ClInclude>
    <ClInclude Include="Managers\Scene_Manager.h">
      <Filter>Managers</Filter>
    </ClInclude>
    <ClInclude Include="Managers\Shader_Manager.h">
      <Filter>Managers</Filter>
    </ClInclude>
    <ClInclude Include="Managers\TimeManager.h">
      <Filter>Managers</Filter>
    </ClInclude>
    <ClInclude Include="Physics\Ball.h">
      <Filter>Physics</Filter>
    </ClInclude>
    <ClInclude Include="Rendering\Models\Circle.h">
      <Filter>Rendering\Models</Filter>
    </ClInclude>
    <ClInclude Include="Rendering\Models\Model.h">
      <Filter>Rendering\Models</Filter>
    </ClInclude>
    <ClInclude Include="Rendering\Models\Sphere.h">
      <Filter>Rendering\Models</Filter>
    </ClInclude>
    <ClInclude Include="Rendering\tdogl\Bitmap.h">
      <Filter>Rendering\tdogl</Filter>
    </ClInclude>
    <ClInclude Include="Rendering\tdogl\stb_image.h">
      <Filter>Rendering\tdogl</Filter>
    </ClInclude>
    <ClInclude Include="Rendering\tdogl\Texture.h">
      <Filter>Rendering\tdogl</Filter>
    </ClInclude>
    <ClInclude Include="Rendering\Camera.h">
      <Filter>Rendering</Filter>
    </ClInclude>
    <ClInclude Include="Rendering\IGameObject.h">
      <Filter>Rendering</Filter>
    </ClInclude>
    <ClInclude Include="Rendering\VertexFormat.h">
      <Filter>Rendering</Filter>
    </ClInclude>
  </ItemGroup>
  <ItemGroup>
    <None Include="packages.config" />
    <None Include="Shaders\Vertex_Shader.glsl">
      <Filter>Shaders</Filter>
    </None>
    <None Include="Shaders\TextureAlpha_Vertex_Shader.glsl">
      <Filter>Shaders</Filter>
    </None>
    <None Include="Shaders\TextureAlpha_Fragment_Shader.glsl">
      <Filter>Shaders</Filter>
    </None>
    <None Include="Shaders\Texture_Vertex_Shader.glsl">
      <Filter>Shaders</Filter>
    </None>
    <None Include="Shaders\Texture_Fragment_Shader.glsl">
      <Filter>Shaders</Filter>
    </None>
    <None Include="Shaders\Fragment_Shader.glsl">
      <Filter>Shaders</Filter>
    </None>
    <None Include="Shaders\spaceTexture_Fragment_Shader.glsl">
      <Filter>Shaders</Filter>
    </None>
    <None Include="Shaders\spaceTexture_Vertex_Shader.glsl">
      <Filter>Shaders</Filter>
    </None>
  </ItemGroup>
  <ItemGroup>
    <Filter Include="Core">
      <UniqueIdentifier>{ec33b4a4-27e9-401b-9c00-c6bceaefc5d1}</UniqueIdentifier>
    </Filter>
    <Filter Include="Core\Init">
      <UniqueIdentifier>{34148625-918f-4bec-af4d-c2d5017ed889}</UniqueIdentifier>
    </Filter>
    <Filter Include="Managers">
      <UniqueIdentifier>{f37c7b82-f2f1-454e-bdf7-79548691d9cb}</UniqueIdentifier>
    </Filter>
    <Filter Include="Physics">
      <UniqueIdentifier>{8009e1ff-4321-4997-87f4-49459aead2b2}</UniqueIdentifier>
    </Filter>
    <Filter Include="Rendering">
      <UniqueIdentifier>{a8c6dcaf-9680-46f3-9961-8729f0cc0203}</UniqueIdentifier>
    </Filter>
    <Filter Include="Rendering\Models">
      <UniqueIdentifier>{d56b6e12-7f8f-4afd-b7ca-c085defd4746}</UniqueIdentifier>
    </Filter>
    <Filter Include="Rendering\tdogl">
      <UniqueIdentifier>{ab74fe59-fe32-49fc-a74a-538ed5a96349}</UniqueIdentifier>
    </Filter>
    <Filter Include="Shaders">
      <UniqueIdentifier>{d573f917-c09c-4b02-bfd8-41250b19edbd}</UniqueIdentifier>
    </Filter>
  </ItemGroup>
</Project>